// !$*UTF8*$!
{
	archiveVersion = 1;
	classes = {
	};
	objectVersion = 46;
	objects = {

/* Begin PBXBuildFile section */
		11BD822A1F09D750003F11C8 /* ViewController+ObjectSelection.swift in Sources */ = {isa = PBXBuildFile; fileRef = 147D76491EFC36070000FEBF /* ViewController+ObjectSelection.swift */; };
		147062641F06FA790003EE03 /* VirtualObjectSelection.swift in Sources */ = {isa = PBXBuildFile; fileRef = 147062631F06FA790003EE03 /* VirtualObjectSelection.swift */; };
		1488323F1EFC378A0043E0AB /* ViewController+Actions.swift in Sources */ = {isa = PBXBuildFile; fileRef = 1488323E1EFC378A0043E0AB /* ViewController+Actions.swift */; };
		148832411EFC3B250043E0AB /* FocusSquareSegment.swift in Sources */ = {isa = PBXBuildFile; fileRef = 148832401EFC3B250043E0AB /* FocusSquareSegment.swift */; };
		3929C48C1E89EC2C00E00B60 /* AppDelegate.swift in Sources */ = {isa = PBXBuildFile; fileRef = 3929C48B1E89EC2C00E00B60 /* AppDelegate.swift */; };
		3929C48E1E89EC2C00E00B60 /* ViewController.swift in Sources */ = {isa = PBXBuildFile; fileRef = 3929C48D1E89EC2C00E00B60 /* ViewController.swift */; };
		3929C4911E89EC2C00E00B60 /* Main.storyboard in Resources */ = {isa = PBXBuildFile; fileRef = 3929C48F1E89EC2C00E00B60 /* Main.storyboard */; };
		3929C4931E89EC2C00E00B60 /* Assets.xcassets in Resources */ = {isa = PBXBuildFile; fileRef = 3929C4921E89EC2C00E00B60 /* Assets.xcassets */; };
		3929C49F1E89EE4400E00B60 /* Models.scnassets in Resources */ = {isa = PBXBuildFile; fileRef = 3929C49E1E89EE4400E00B60 /* Models.scnassets */; };
		39C0B95A1E9C6B1F003FCA0C /* Utilities.swift in Sources */ = {isa = PBXBuildFile; fileRef = 39C0B9581E9C6B1F003FCA0C /* Utilities.swift */; };
		39D8DC1B1E8ADAE600386B05 /* LaunchScreen.storyboard in Resources */ = {isa = PBXBuildFile; fileRef = 39D8DC1A1E8ADAE600386B05 /* LaunchScreen.storyboard */; };
		7E8150BD20649B6700B67C7D /* video.scnassets in Resources */ = {isa = PBXBuildFile; fileRef = 7E81509720649B6600B67C7D /* video.scnassets */; };
		7E8150BE20649B6700B67C7D /* ARInputViewOptions.swift in Sources */ = {isa = PBXBuildFile; fileRef = 7E81509920649B6600B67C7D /* ARInputViewOptions.swift */; };
		7E8150BF20649B6700B67C7D /* ARVideoOptions.swift in Sources */ = {isa = PBXBuildFile; fileRef = 7E81509A20649B6600B67C7D /* ARVideoOptions.swift */; };
		7E8150C020649B6700B67C7D /* CGImage+Resize.swift in Sources */ = {isa = PBXBuildFile; fileRef = 7E81509C20649B6600B67C7D /* CGImage+Resize.swift */; };
		7E8150C120649B6700B67C7D /* RecordAR+PhotoRender.swift in Sources */ = {isa = PBXBuildFile; fileRef = 7E81509D20649B6600B67C7D /* RecordAR+PhotoRender.swift */; };
		7E8150C220649B6700B67C7D /* UIImage+VideoBuffer.swift in Sources */ = {isa = PBXBuildFile; fileRef = 7E81509E20649B6600B67C7D /* UIImage+VideoBuffer.swift */; };
		7E8150C320649B6700B67C7D /* UIView+isType.swift in Sources */ = {isa = PBXBuildFile; fileRef = 7E81509F20649B6600B67C7D /* UIView+isType.swift */; };
		7E8150C420649B6700B67C7D /* UIViewController+hasType.swift in Sources */ = {isa = PBXBuildFile; fileRef = 7E8150A020649B6600B67C7D /* UIViewController+hasType.swift */; };
		7E8150C520649B6700B67C7D /* Info.plist in Resources */ = {isa = PBXBuildFile; fileRef = 7E8150A120649B6600B67C7D /* Info.plist */; };
		7E8150C620649B6700B67C7D /* RecordARDelegate.swift in Sources */ = {isa = PBXBuildFile; fileRef = 7E8150A320649B6600B67C7D /* RecordARDelegate.swift */; };
		7E8150C720649B6700B67C7D /* RenderARDelegate.swift in Sources */ = {isa = PBXBuildFile; fileRef = 7E8150A420649B6600B67C7D /* RenderARDelegate.swift */; };
		7E8150C820649B6700B67C7D /* Generate+GIF.swift in Sources */ = {isa = PBXBuildFile; fileRef = 7E8150A720649B6600B67C7D /* Generate+GIF.swift */; };
		7E8150C920649B6700B67C7D /* Generate+LivePhoto.swift in Sources */ = {isa = PBXBuildFile; fileRef = 7E8150A920649B6600B67C7D /* Generate+LivePhoto.swift */; };
		7E8150CA20649B6700B67C7D /* JPEG.swift in Sources */ = {isa = PBXBuildFile; fileRef = 7E8150AA20649B6600B67C7D /* JPEG.swift */; };
		7E8150CB20649B6700B67C7D /* LoveLiver_LICENSE in Resources */ = {isa = PBXBuildFile; fileRef = 7E8150AB20649B6600B67C7D /* LoveLiver_LICENSE */; };
		7E8150CC20649B6700B67C7D /* PHLivePhotoPlus.swift in Sources */ = {isa = PBXBuildFile; fileRef = 7E8150AC20649B6600B67C7D /* PHLivePhotoPlus.swift */; };
		7E8150CD20649B6700B67C7D /* QuickTimeMov.swift in Sources */ = {isa = PBXBuildFile; fileRef = 7E8150AD20649B6600B67C7D /* QuickTimeMov.swift */; };
		7E8150CE20649B6700B67C7D /* RenderAR.swift in Sources */ = {isa = PBXBuildFile; fileRef = 7E8150AE20649B6600B67C7D /* RenderAR.swift */; };
		7E8150CF20649B6700B67C7D /* WritAR.swift in Sources */ = {isa = PBXBuildFile; fileRef = 7E8150B020649B6600B67C7D /* WritAR.swift */; };
		7E8150D020649B6700B67C7D /* ARView.swift in Sources */ = {isa = PBXBuildFile; fileRef = 7E8150B220649B6600B67C7D /* ARView.swift */; };
		7E8150D120649B6700B67C7D /* RecordAR.swift in Sources */ = {isa = PBXBuildFile; fileRef = 7E8150B320649B6600B67C7D /* RecordAR.swift */; };
		7E8150D220649B6700B67C7D /* ViewAR.swift in Sources */ = {isa = PBXBuildFile; fileRef = 7E8150B420649B6600B67C7D /* ViewAR.swift */; };
		7E8150D320649B6700B67C7D /* Constants.swift in Sources */ = {isa = PBXBuildFile; fileRef = 7E8150B620649B6600B67C7D /* Constants.swift */; };
		7E8150D420649B6700B67C7D /* Protocols.swift in Sources */ = {isa = PBXBuildFile; fileRef = 7E8150B720649B6600B67C7D /* Protocols.swift */; };
		7E8150D520649B6700B67C7D /* SCScrollView.swift in Sources */ = {isa = PBXBuildFile; fileRef = 7E8150B820649B6600B67C7D /* SCScrollView.swift */; };
		7E8150D620649B6700B67C7D /* SegmentedControl.swift in Sources */ = {isa = PBXBuildFile; fileRef = 7E8150B920649B6600B67C7D /* SegmentedControl.swift */; };
		7E8150D720649B6700B67C7D /* Style.swift in Sources */ = {isa = PBXBuildFile; fileRef = 7E8150BA20649B6600B67C7D /* Style.swift */; };
		7E8150D820649B6700B67C7D /* Info.plist in Resources */ = {isa = PBXBuildFile; fileRef = 7E8150BC20649B6600B67C7D /* Info.plist */; };
		7E8150DA20649B9600B67C7D /* SquishButton.swift in Sources */ = {isa = PBXBuildFile; fileRef = 7E8150D920649B9600B67C7D /* SquishButton.swift */; };
		C41366B91EB80DD400EC054A /* StatusViewController.swift in Sources */ = {isa = PBXBuildFile; fileRef = C41366B81EB80DD400EC054A /* StatusViewController.swift */; };
		C42A71BD1E9C0AF200944367 /* FocusSquare.swift in Sources */ = {isa = PBXBuildFile; fileRef = C42A71BC1E9C0AF200944367 /* FocusSquare.swift */; };
		C46356671EF9CC500080C8D9 /* VirtualObjectARView.swift in Sources */ = {isa = PBXBuildFile; fileRef = C46356661EF9CC480080C8D9 /* VirtualObjectARView.swift */; };
		C46356681EF9CC530080C8D9 /* VirtualObjectLoader.swift in Sources */ = {isa = PBXBuildFile; fileRef = C46356651EF9CB1A0080C8D9 /* VirtualObjectLoader.swift */; };
		C812D8681F47628300344E73 /* ThresholdPanGesture.swift in Sources */ = {isa = PBXBuildFile; fileRef = C812D8671F47628300344E73 /* ThresholdPanGesture.swift */; };
		C8C12A711F29277B00B011FE /* ViewController+ARSCNViewDelegate.swift in Sources */ = {isa = PBXBuildFile; fileRef = C8C12A701F29277B00B011FE /* ViewController+ARSCNViewDelegate.swift */; };
		C8C2AC521F3A545C00E86BA3 /* VirtualObjectInteraction.swift in Sources */ = {isa = PBXBuildFile; fileRef = C8C2AC511F3A545C00E86BA3 /* VirtualObjectInteraction.swift */; };
		C8D71A001F3B7D3D0086AD64 /* VirtualObject.swift in Sources */ = {isa = PBXBuildFile; fileRef = C8D719FF1F3B7D3D0086AD64 /* VirtualObject.swift */; };
/* End PBXBuildFile section */

/* Begin PBXFileReference section */
		11063F3B1EBE651B0033EE6D /* README.md */ = {isa = PBXFileReference; lastKnownFileType = net.daringfireball.markdown; path = README.md; sourceTree = "<group>"; };
		147062631F06FA790003EE03 /* VirtualObjectSelection.swift */ = {isa = PBXFileReference; lastKnownFileType = sourcecode.swift; path = VirtualObjectSelection.swift; sourceTree = "<group>"; };
		147D76491EFC36070000FEBF /* ViewController+ObjectSelection.swift */ = {isa = PBXFileReference; lastKnownFileType = sourcecode.swift; path = "ViewController+ObjectSelection.swift"; sourceTree = "<group>"; };
		1488323E1EFC378A0043E0AB /* ViewController+Actions.swift */ = {isa = PBXFileReference; lastKnownFileType = sourcecode.swift; path = "ViewController+Actions.swift"; sourceTree = "<group>"; };
		148832401EFC3B250043E0AB /* FocusSquareSegment.swift */ = {isa = PBXFileReference; lastKnownFileType = sourcecode.swift; path = FocusSquareSegment.swift; sourceTree = "<group>"; };
		3929C4881E89EC2C00E00B60 /* ARKitInteraction.app */ = {isa = PBXFileReference; explicitFileType = wrapper.application; includeInIndex = 0; path = ARKitInteraction.app; sourceTree = BUILT_PRODUCTS_DIR; };
		3929C48B1E89EC2C00E00B60 /* AppDelegate.swift */ = {isa = PBXFileReference; lastKnownFileType = sourcecode.swift; path = AppDelegate.swift; sourceTree = "<group>"; };
		3929C48D1E89EC2C00E00B60 /* ViewController.swift */ = {isa = PBXFileReference; lastKnownFileType = sourcecode.swift; path = ViewController.swift; sourceTree = "<group>"; };
		3929C4901E89EC2C00E00B60 /* Base */ = {isa = PBXFileReference; lastKnownFileType = file.storyboard; name = Base; path = Base.lproj/Main.storyboard; sourceTree = "<group>"; };
		3929C4921E89EC2C00E00B60 /* Assets.xcassets */ = {isa = PBXFileReference; lastKnownFileType = folder.assetcatalog; path = Assets.xcassets; sourceTree = "<group>"; };
		3929C4971E89EC2C00E00B60 /* Info.plist */ = {isa = PBXFileReference; lastKnownFileType = text.plist.xml; path = Info.plist; sourceTree = "<group>"; };
		3929C49E1E89EE4400E00B60 /* Models.scnassets */ = {isa = PBXFileReference; lastKnownFileType = wrapper.scnassets; path = Models.scnassets; sourceTree = "<group>"; };
		39C0B9581E9C6B1F003FCA0C /* Utilities.swift */ = {isa = PBXFileReference; fileEncoding = 4; lastKnownFileType = sourcecode.swift; path = Utilities.swift; sourceTree = "<group>"; };
		39D8DC1A1E8ADAE600386B05 /* LaunchScreen.storyboard */ = {isa = PBXFileReference; fileEncoding = 4; lastKnownFileType = file.storyboard; path = LaunchScreen.storyboard; sourceTree = "<group>"; };
		7E81509520649B6600B67C7D /* ARVideoKit.h */ = {isa = PBXFileReference; fileEncoding = 4; lastKnownFileType = sourcecode.c.h; path = ARVideoKit.h; sourceTree = "<group>"; };
		7E81509720649B6600B67C7D /* video.scnassets */ = {isa = PBXFileReference; lastKnownFileType = wrapper.scnassets; path = video.scnassets; sourceTree = "<group>"; };
		7E81509920649B6600B67C7D /* ARInputViewOptions.swift */ = {isa = PBXFileReference; fileEncoding = 4; lastKnownFileType = sourcecode.swift; path = ARInputViewOptions.swift; sourceTree = "<group>"; };
		7E81509A20649B6600B67C7D /* ARVideoOptions.swift */ = {isa = PBXFileReference; fileEncoding = 4; lastKnownFileType = sourcecode.swift; path = ARVideoOptions.swift; sourceTree = "<group>"; };
		7E81509C20649B6600B67C7D /* CGImage+Resize.swift */ = {isa = PBXFileReference; fileEncoding = 4; lastKnownFileType = sourcecode.swift; path = "CGImage+Resize.swift"; sourceTree = "<group>"; };
		7E81509D20649B6600B67C7D /* RecordAR+PhotoRender.swift */ = {isa = PBXFileReference; fileEncoding = 4; lastKnownFileType = sourcecode.swift; path = "RecordAR+PhotoRender.swift"; sourceTree = "<group>"; };
		7E81509E20649B6600B67C7D /* UIImage+VideoBuffer.swift */ = {isa = PBXFileReference; fileEncoding = 4; lastKnownFileType = sourcecode.swift; path = "UIImage+VideoBuffer.swift"; sourceTree = "<group>"; };
		7E81509F20649B6600B67C7D /* UIView+isType.swift */ = {isa = PBXFileReference; fileEncoding = 4; lastKnownFileType = sourcecode.swift; path = "UIView+isType.swift"; sourceTree = "<group>"; };
		7E8150A020649B6600B67C7D /* UIViewController+hasType.swift */ = {isa = PBXFileReference; fileEncoding = 4; lastKnownFileType = sourcecode.swift; path = "UIViewController+hasType.swift"; sourceTree = "<group>"; };
		7E8150A120649B6600B67C7D /* Info.plist */ = {isa = PBXFileReference; fileEncoding = 4; lastKnownFileType = text.plist.xml; path = Info.plist; sourceTree = "<group>"; };
		7E8150A320649B6600B67C7D /* RecordARDelegate.swift */ = {isa = PBXFileReference; fileEncoding = 4; lastKnownFileType = sourcecode.swift; path = RecordARDelegate.swift; sourceTree = "<group>"; };
		7E8150A420649B6600B67C7D /* RenderARDelegate.swift */ = {isa = PBXFileReference; fileEncoding = 4; lastKnownFileType = sourcecode.swift; path = RenderARDelegate.swift; sourceTree = "<group>"; };
		7E8150A720649B6600B67C7D /* Generate+GIF.swift */ = {isa = PBXFileReference; fileEncoding = 4; lastKnownFileType = sourcecode.swift; path = "Generate+GIF.swift"; sourceTree = "<group>"; };
		7E8150A920649B6600B67C7D /* Generate+LivePhoto.swift */ = {isa = PBXFileReference; fileEncoding = 4; lastKnownFileType = sourcecode.swift; path = "Generate+LivePhoto.swift"; sourceTree = "<group>"; };
		7E8150AA20649B6600B67C7D /* JPEG.swift */ = {isa = PBXFileReference; fileEncoding = 4; lastKnownFileType = sourcecode.swift; path = JPEG.swift; sourceTree = "<group>"; };
		7E8150AB20649B6600B67C7D /* LoveLiver_LICENSE */ = {isa = PBXFileReference; fileEncoding = 4; lastKnownFileType = text; path = LoveLiver_LICENSE; sourceTree = "<group>"; };
		7E8150AC20649B6600B67C7D /* PHLivePhotoPlus.swift */ = {isa = PBXFileReference; fileEncoding = 4; lastKnownFileType = sourcecode.swift; path = PHLivePhotoPlus.swift; sourceTree = "<group>"; };
		7E8150AD20649B6600B67C7D /* QuickTimeMov.swift */ = {isa = PBXFileReference; fileEncoding = 4; lastKnownFileType = sourcecode.swift; path = QuickTimeMov.swift; sourceTree = "<group>"; };
		7E8150AE20649B6600B67C7D /* RenderAR.swift */ = {isa = PBXFileReference; fileEncoding = 4; lastKnownFileType = sourcecode.swift; path = RenderAR.swift; sourceTree = "<group>"; };
		7E8150B020649B6600B67C7D /* WritAR.swift */ = {isa = PBXFileReference; fileEncoding = 4; lastKnownFileType = sourcecode.swift; path = WritAR.swift; sourceTree = "<group>"; };
		7E8150B220649B6600B67C7D /* ARView.swift */ = {isa = PBXFileReference; fileEncoding = 4; lastKnownFileType = sourcecode.swift; path = ARView.swift; sourceTree = "<group>"; };
		7E8150B320649B6600B67C7D /* RecordAR.swift */ = {isa = PBXFileReference; fileEncoding = 4; lastKnownFileType = sourcecode.swift; path = RecordAR.swift; sourceTree = "<group>"; };
		7E8150B420649B6600B67C7D /* ViewAR.swift */ = {isa = PBXFileReference; fileEncoding = 4; lastKnownFileType = sourcecode.swift; path = ViewAR.swift; sourceTree = "<group>"; };
		7E8150B620649B6600B67C7D /* Constants.swift */ = {isa = PBXFileReference; fileEncoding = 4; lastKnownFileType = sourcecode.swift; path = Constants.swift; sourceTree = "<group>"; };
		7E8150B720649B6600B67C7D /* Protocols.swift */ = {isa = PBXFileReference; fileEncoding = 4; lastKnownFileType = sourcecode.swift; path = Protocols.swift; sourceTree = "<group>"; };
		7E8150B820649B6600B67C7D /* SCScrollView.swift */ = {isa = PBXFileReference; fileEncoding = 4; lastKnownFileType = sourcecode.swift; path = SCScrollView.swift; sourceTree = "<group>"; };
		7E8150B920649B6600B67C7D /* SegmentedControl.swift */ = {isa = PBXFileReference; fileEncoding = 4; lastKnownFileType = sourcecode.swift; path = SegmentedControl.swift; sourceTree = "<group>"; };
		7E8150BA20649B6600B67C7D /* Style.swift */ = {isa = PBXFileReference; fileEncoding = 4; lastKnownFileType = sourcecode.swift; path = Style.swift; sourceTree = "<group>"; };
		7E8150BC20649B6600B67C7D /* Info.plist */ = {isa = PBXFileReference; fileEncoding = 4; lastKnownFileType = text.plist.xml; path = Info.plist; sourceTree = "<group>"; };
		7E8150D920649B9600B67C7D /* SquishButton.swift */ = {isa = PBXFileReference; fileEncoding = 4; lastKnownFileType = sourcecode.swift; path = SquishButton.swift; sourceTree = "<group>"; };
		C41366B81EB80DD400EC054A /* StatusViewController.swift */ = {isa = PBXFileReference; lastKnownFileType = sourcecode.swift; path = StatusViewController.swift; sourceTree = "<group>"; };
		C42A71BC1E9C0AF200944367 /* FocusSquare.swift */ = {isa = PBXFileReference; fileEncoding = 4; lastKnownFileType = sourcecode.swift; path = FocusSquare.swift; sourceTree = "<group>"; };
		C46356651EF9CB1A0080C8D9 /* VirtualObjectLoader.swift */ = {isa = PBXFileReference; lastKnownFileType = sourcecode.swift; path = VirtualObjectLoader.swift; sourceTree = "<group>"; };
		C46356661EF9CC480080C8D9 /* VirtualObjectARView.swift */ = {isa = PBXFileReference; lastKnownFileType = sourcecode.swift; path = VirtualObjectARView.swift; sourceTree = "<group>"; };
		C812D8671F47628300344E73 /* ThresholdPanGesture.swift */ = {isa = PBXFileReference; lastKnownFileType = sourcecode.swift; path = ThresholdPanGesture.swift; sourceTree = "<group>"; };
		C8C12A701F29277B00B011FE /* ViewController+ARSCNViewDelegate.swift */ = {isa = PBXFileReference; lastKnownFileType = sourcecode.swift; path = "ViewController+ARSCNViewDelegate.swift"; sourceTree = "<group>"; };
		C8C2AC511F3A545C00E86BA3 /* VirtualObjectInteraction.swift */ = {isa = PBXFileReference; lastKnownFileType = sourcecode.swift; path = VirtualObjectInteraction.swift; sourceTree = "<group>"; };
		C8D719FF1F3B7D3D0086AD64 /* VirtualObject.swift */ = {isa = PBXFileReference; lastKnownFileType = sourcecode.swift; path = VirtualObject.swift; sourceTree = "<group>"; };
		E5F1518ECE83631610AC00ED /* LICENSE.txt */ = {isa = PBXFileReference; includeInIndex = 1; lastKnownFileType = text; path = LICENSE.txt; sourceTree = "<group>"; };
		F270D24306DF002E8C47C1BF /* SampleCode.xcconfig */ = {isa = PBXFileReference; includeInIndex = 1; lastKnownFileType = text.xcconfig; name = SampleCode.xcconfig; path = Configuration/SampleCode.xcconfig; sourceTree = "<group>"; };
/* End PBXFileReference section */

/* Begin PBXFrameworksBuildPhase section */
		3929C4851E89EC2C00E00B60 /* Frameworks */ = {
			isa = PBXFrameworksBuildPhase;
			buildActionMask = 2147483647;
			files = (
			);
			runOnlyForDeploymentPostprocessing = 0;
		};
/* End PBXFrameworksBuildPhase section */

/* Begin PBXGroup section */
		113B64D01ECA81CA0071CBD1 /* Focus Square */ = {
			isa = PBXGroup;
			children = (
				C42A71BC1E9C0AF200944367 /* FocusSquare.swift */,
				148832401EFC3B250043E0AB /* FocusSquareSegment.swift */,
			);
			path = "Focus Square";
			sourceTree = "<group>";
		};
		1488324A1EFC3E9C0043E0AB /* Utilities */ = {
			isa = PBXGroup;
			children = (
				39C0B9581E9C6B1F003FCA0C /* Utilities.swift */,
			);
			path = Utilities;
			sourceTree = "<group>";
		};
		1488324B1EFC3EBF0043E0AB /* Additional View Controllers */ = {
			isa = PBXGroup;
			children = (
				C41366B81EB80DD400EC054A /* StatusViewController.swift */,
				147062631F06FA790003EE03 /* VirtualObjectSelection.swift */,
			);
			path = "Additional View Controllers";
			sourceTree = "<group>";
		};
		1488324C1EFC3ED00043E0AB /* Resources */ = {
			isa = PBXGroup;
			children = (
				3929C49E1E89EE4400E00B60 /* Models.scnassets */,
				3929C4921E89EC2C00E00B60 /* Assets.xcassets */,
				3929C4971E89EC2C00E00B60 /* Info.plist */,
				3929C48F1E89EC2C00E00B60 /* Main.storyboard */,
				39D8DC1A1E8ADAE600386B05 /* LaunchScreen.storyboard */,
			);
			path = Resources;
			sourceTree = "<group>";
		};
		3929C47F1E89EC2C00E00B60 = {
			isa = PBXGroup;
			children = (
				11063F3B1EBE651B0033EE6D /* README.md */,
				3929C48A1E89EC2C00E00B60 /* ARKitInteraction */,
				3929C4891E89EC2C00E00B60 /* Products */,
				CB3BF427464FE5989C5ECFA9 /* Configuration */,
				CA0ADFFA247BCD89BEF87B81 /* LICENSE */,
			);
			sourceTree = "<group>";
		};
		3929C4891E89EC2C00E00B60 /* Products */ = {
			isa = PBXGroup;
			children = (
				3929C4881E89EC2C00E00B60 /* ARKitInteraction.app */,
			);
			name = Products;
			sourceTree = "<group>";
		};
		3929C48A1E89EC2C00E00B60 /* ARKitInteraction */ = {
			isa = PBXGroup;
			children = (
				7E8150D920649B9600B67C7D /* SquishButton.swift */,
				7E81509420649B6600B67C7D /* ARVideoKit */,
				7E8150B520649B6600B67C7D /* SegmentedControl */,
				3929C48B1E89EC2C00E00B60 /* AppDelegate.swift */,
				3929C48D1E89EC2C00E00B60 /* ViewController.swift */,
				C8C12A701F29277B00B011FE /* ViewController+ARSCNViewDelegate.swift */,
				1488323E1EFC378A0043E0AB /* ViewController+Actions.swift */,
				147D76491EFC36070000FEBF /* ViewController+ObjectSelection.swift */,
				C8C2AC511F3A545C00E86BA3 /* VirtualObjectInteraction.swift */,
				C812D8671F47628300344E73 /* ThresholdPanGesture.swift */,
				C46356661EF9CC480080C8D9 /* VirtualObjectARView.swift */,
				C40DF57B1EC2330700D9D59E /* Virtual Objects */,
				113B64D01ECA81CA0071CBD1 /* Focus Square */,
				1488324B1EFC3EBF0043E0AB /* Additional View Controllers */,
				1488324A1EFC3E9C0043E0AB /* Utilities */,
				1488324C1EFC3ED00043E0AB /* Resources */,
			);
			path = ARKitInteraction;
			sourceTree = "<group>";
		};
		7E81509420649B6600B67C7D /* ARVideoKit */ = {
			isa = PBXGroup;
			children = (
				7E81509520649B6600B67C7D /* ARVideoKit.h */,
				7E81509620649B6600B67C7D /* Assets */,
				7E81509820649B6600B67C7D /* Enumerations */,
				7E81509B20649B6600B67C7D /* Extensions */,
				7E8150A120649B6600B67C7D /* Info.plist */,
				7E8150A220649B6600B67C7D /* Protocols */,
				7E8150A520649B6600B67C7D /* Rendering */,
				7E8150B120649B6600B67C7D /* Sources */,
			);
			path = ARVideoKit;
			sourceTree = "<group>";
		};
		7E81509620649B6600B67C7D /* Assets */ = {
			isa = PBXGroup;
			children = (
				7E81509720649B6600B67C7D /* video.scnassets */,
			);
			path = Assets;
			sourceTree = "<group>";
		};
		7E81509820649B6600B67C7D /* Enumerations */ = {
			isa = PBXGroup;
			children = (
				7E81509920649B6600B67C7D /* ARInputViewOptions.swift */,
				7E81509A20649B6600B67C7D /* ARVideoOptions.swift */,
			);
			path = Enumerations;
			sourceTree = "<group>";
		};
		7E81509B20649B6600B67C7D /* Extensions */ = {
			isa = PBXGroup;
			children = (
				7E81509C20649B6600B67C7D /* CGImage+Resize.swift */,
				7E81509D20649B6600B67C7D /* RecordAR+PhotoRender.swift */,
				7E81509E20649B6600B67C7D /* UIImage+VideoBuffer.swift */,
				7E81509F20649B6600B67C7D /* UIView+isType.swift */,
				7E8150A020649B6600B67C7D /* UIViewController+hasType.swift */,
			);
			path = Extensions;
			sourceTree = "<group>";
		};
		7E8150A220649B6600B67C7D /* Protocols */ = {
			isa = PBXGroup;
			children = (
				7E8150A320649B6600B67C7D /* RecordARDelegate.swift */,
				7E8150A420649B6600B67C7D /* RenderARDelegate.swift */,
			);
			path = Protocols;
			sourceTree = "<group>";
		};
		7E8150A520649B6600B67C7D /* Rendering */ = {
			isa = PBXGroup;
			children = (
				7E8150A620649B6600B67C7D /* GIF */,
				7E8150A820649B6600B67C7D /* Live Photo */,
				7E8150AE20649B6600B67C7D /* RenderAR.swift */,
				7E8150AF20649B6600B67C7D /* Writer */,
			);
			path = Rendering;
			sourceTree = "<group>";
		};
		7E8150A620649B6600B67C7D /* GIF */ = {
			isa = PBXGroup;
			children = (
				7E8150A720649B6600B67C7D /* Generate+GIF.swift */,
			);
			path = GIF;
			sourceTree = "<group>";
		};
		7E8150A820649B6600B67C7D /* Live Photo */ = {
			isa = PBXGroup;
			children = (
				7E8150A920649B6600B67C7D /* Generate+LivePhoto.swift */,
				7E8150AA20649B6600B67C7D /* JPEG.swift */,
				7E8150AB20649B6600B67C7D /* LoveLiver_LICENSE */,
				7E8150AC20649B6600B67C7D /* PHLivePhotoPlus.swift */,
				7E8150AD20649B6600B67C7D /* QuickTimeMov.swift */,
			);
			path = "Live Photo";
			sourceTree = "<group>";
		};
		7E8150AF20649B6600B67C7D /* Writer */ = {
			isa = PBXGroup;
			children = (
				7E8150B020649B6600B67C7D /* WritAR.swift */,
			);
			path = Writer;
			sourceTree = "<group>";
		};
		7E8150B120649B6600B67C7D /* Sources */ = {
			isa = PBXGroup;
			children = (
				7E8150B220649B6600B67C7D /* ARView.swift */,
				7E8150B320649B6600B67C7D /* RecordAR.swift */,
				7E8150B420649B6600B67C7D /* ViewAR.swift */,
			);
			path = Sources;
			sourceTree = "<group>";
		};
		7E8150B520649B6600B67C7D /* SegmentedControl */ = {
			isa = PBXGroup;
			children = (
				7E8150B620649B6600B67C7D /* Constants.swift */,
				7E8150B720649B6600B67C7D /* Protocols.swift */,
				7E8150B820649B6600B67C7D /* SCScrollView.swift */,
				7E8150B920649B6600B67C7D /* SegmentedControl.swift */,
				7E8150BA20649B6600B67C7D /* Style.swift */,
				7E8150BB20649B6600B67C7D /* Supporting Files */,
			);
			path = SegmentedControl;
			sourceTree = "<group>";
		};
		7E8150BB20649B6600B67C7D /* Supporting Files */ = {
			isa = PBXGroup;
			children = (
				7E8150BC20649B6600B67C7D /* Info.plist */,
			);
			path = "Supporting Files";
			sourceTree = "<group>";
		};
		C40DF57B1EC2330700D9D59E /* Virtual Objects */ = {
			isa = PBXGroup;
			children = (
				C8D719FF1F3B7D3D0086AD64 /* VirtualObject.swift */,
				C46356651EF9CB1A0080C8D9 /* VirtualObjectLoader.swift */,
			);
			path = "Virtual Objects";
			sourceTree = "<group>";
		};
		CA0ADFFA247BCD89BEF87B81 /* LICENSE */ = {
			isa = PBXGroup;
			children = (
				E5F1518ECE83631610AC00ED /* LICENSE.txt */,
			);
			path = LICENSE;
			sourceTree = "<group>";
		};
		CB3BF427464FE5989C5ECFA9 /* Configuration */ = {
			isa = PBXGroup;
			children = (
				F270D24306DF002E8C47C1BF /* SampleCode.xcconfig */,
			);
			name = Configuration;
			sourceTree = "<group>";
		};
/* End PBXGroup section */

/* Begin PBXNativeTarget section */
		3929C4871E89EC2C00E00B60 /* ARKitInteraction */ = {
			isa = PBXNativeTarget;
			buildConfigurationList = 3929C49A1E89EC2C00E00B60 /* Build configuration list for PBXNativeTarget "ARKitInteraction" */;
			buildPhases = (
				3929C4841E89EC2C00E00B60 /* Sources */,
				3929C4851E89EC2C00E00B60 /* Frameworks */,
				3929C4861E89EC2C00E00B60 /* Resources */,
			);
			buildRules = (
			);
			dependencies = (
			);
			name = ARKitInteraction;
			productName = ARKitInteraction;
			productReference = 3929C4881E89EC2C00E00B60 /* ARKitInteraction.app */;
			productType = "com.apple.product-type.application";
		};
/* End PBXNativeTarget section */

/* Begin PBXProject section */
		3929C4801E89EC2C00E00B60 /* Project object */ = {
			isa = PBXProject;
			attributes = {
				LastSwiftUpdateCheck = 0900;
				LastUpgradeCheck = 0900;
				ORGANIZATIONNAME = Apple;
				TargetAttributes = {
					3929C4871E89EC2C00E00B60 = {
						CreatedOnToolsVersion = 9.0;
						DevelopmentTeam = 3NV32R76SX;
						LastSwiftMigration = 0900;
						ProvisioningStyle = Automatic;
					};
				};
			};
			buildConfigurationList = 3929C4831E89EC2C00E00B60 /* Build configuration list for PBXProject "ARKitInteraction" */;
			compatibilityVersion = "Xcode 3.2";
			developmentRegion = English;
			hasScannedForEncodings = 0;
			knownRegions = (
				en,
				Base,
			);
			mainGroup = 3929C47F1E89EC2C00E00B60;
			productRefGroup = 3929C4891E89EC2C00E00B60 /* Products */;
			projectDirPath = "";
			projectRoot = "";
			targets = (
				3929C4871E89EC2C00E00B60 /* ARKitInteraction */,
			);
		};
/* End PBXProject section */

/* Begin PBXResourcesBuildPhase section */
		3929C4861E89EC2C00E00B60 /* Resources */ = {
			isa = PBXResourcesBuildPhase;
			buildActionMask = 2147483647;
			files = (
				7E8150D820649B6700B67C7D /* Info.plist in Resources */,
				3929C49F1E89EE4400E00B60 /* Models.scnassets in Resources */,
				7E8150CB20649B6700B67C7D /* LoveLiver_LICENSE in Resources */,
				7E8150BD20649B6700B67C7D /* video.scnassets in Resources */,
				7E8150C520649B6700B67C7D /* Info.plist in Resources */,
				39D8DC1B1E8ADAE600386B05 /* LaunchScreen.storyboard in Resources */,
				3929C4931E89EC2C00E00B60 /* Assets.xcassets in Resources */,
				3929C4911E89EC2C00E00B60 /* Main.storyboard in Resources */,
			);
			runOnlyForDeploymentPostprocessing = 0;
		};
/* End PBXResourcesBuildPhase section */

/* Begin PBXSourcesBuildPhase section */
		3929C4841E89EC2C00E00B60 /* Sources */ = {
			isa = PBXSourcesBuildPhase;
			buildActionMask = 2147483647;
			files = (
				C812D8681F47628300344E73 /* ThresholdPanGesture.swift in Sources */,
				7E8150D120649B6700B67C7D /* RecordAR.swift in Sources */,
				7E8150C020649B6700B67C7D /* CGImage+Resize.swift in Sources */,
				7E8150D420649B6700B67C7D /* Protocols.swift in Sources */,
				7E8150CA20649B6700B67C7D /* JPEG.swift in Sources */,
				11BD822A1F09D750003F11C8 /* ViewController+ObjectSelection.swift in Sources */,
				7E8150D620649B6700B67C7D /* SegmentedControl.swift in Sources */,
				1488323F1EFC378A0043E0AB /* ViewController+Actions.swift in Sources */,
				7E8150C620649B6700B67C7D /* RecordARDelegate.swift in Sources */,
				3929C48E1E89EC2C00E00B60 /* ViewController.swift in Sources */,
				7E8150C420649B6700B67C7D /* UIViewController+hasType.swift in Sources */,
				7E8150C920649B6700B67C7D /* Generate+LivePhoto.swift in Sources */,
				7E8150C220649B6700B67C7D /* UIImage+VideoBuffer.swift in Sources */,
				C41366B91EB80DD400EC054A /* StatusViewController.swift in Sources */,
				39C0B95A1E9C6B1F003FCA0C /* Utilities.swift in Sources */,
				147062641F06FA790003EE03 /* VirtualObjectSelection.swift in Sources */,
				C8C12A711F29277B00B011FE /* ViewController+ARSCNViewDelegate.swift in Sources */,
				C8C2AC521F3A545C00E86BA3 /* VirtualObjectInteraction.swift in Sources */,
				7E8150C120649B6700B67C7D /* RecordAR+PhotoRender.swift in Sources */,
				C46356671EF9CC500080C8D9 /* VirtualObjectARView.swift in Sources */,
				7E8150CD20649B6700B67C7D /* QuickTimeMov.swift in Sources */,
				148832411EFC3B250043E0AB /* FocusSquareSegment.swift in Sources */,
				7E8150BF20649B6700B67C7D /* ARVideoOptions.swift in Sources */,
				7E8150CE20649B6700B67C7D /* RenderAR.swift in Sources */,
				7E8150D020649B6700B67C7D /* ARView.swift in Sources */,
				7E8150D220649B6700B67C7D /* ViewAR.swift in Sources */,
				C8D71A001F3B7D3D0086AD64 /* VirtualObject.swift in Sources */,
				7E8150D320649B6700B67C7D /* Constants.swift in Sources */,
				7E8150CF20649B6700B67C7D /* WritAR.swift in Sources */,
				C42A71BD1E9C0AF200944367 /* FocusSquare.swift in Sources */,
				7E8150BE20649B6700B67C7D /* ARInputViewOptions.swift in Sources */,
				7E8150D720649B6700B67C7D /* Style.swift in Sources */,
				7E8150C320649B6700B67C7D /* UIView+isType.swift in Sources */,
				3929C48C1E89EC2C00E00B60 /* AppDelegate.swift in Sources */,
				7E8150D520649B6700B67C7D /* SCScrollView.swift in Sources */,
				7E8150C820649B6700B67C7D /* Generate+GIF.swift in Sources */,
				C46356681EF9CC530080C8D9 /* VirtualObjectLoader.swift in Sources */,
				7E8150CC20649B6700B67C7D /* PHLivePhotoPlus.swift in Sources */,
				7E8150DA20649B9600B67C7D /* SquishButton.swift in Sources */,
				7E8150C720649B6700B67C7D /* RenderARDelegate.swift in Sources */,
			);
			runOnlyForDeploymentPostprocessing = 0;
		};
/* End PBXSourcesBuildPhase section */

/* Begin PBXVariantGroup section */
		3929C48F1E89EC2C00E00B60 /* Main.storyboard */ = {
			isa = PBXVariantGroup;
			children = (
				3929C4901E89EC2C00E00B60 /* Base */,
			);
			name = Main.storyboard;
			path = ..;
			sourceTree = "<group>";
		};
/* End PBXVariantGroup section */

/* Begin XCBuildConfiguration section */
		3929C4981E89EC2C00E00B60 /* Debug */ = {
			isa = XCBuildConfiguration;
			baseConfigurationReference = F270D24306DF002E8C47C1BF /* SampleCode.xcconfig */;
			buildSettings = {
				ALWAYS_SEARCH_USER_PATHS = NO;
				CLANG_ANALYZER_NONNULL = YES;
				CLANG_ANALYZER_NUMBER_OBJECT_CONVERSION = YES_AGGRESSIVE;
				CLANG_CXX_LANGUAGE_STANDARD = "gnu++0x";
				CLANG_CXX_LIBRARY = "libc++";
				CLANG_ENABLE_MODULES = YES;
				CLANG_ENABLE_OBJC_ARC = YES;
				CLANG_WARN_BOOL_CONVERSION = YES;
				CLANG_WARN_CONSTANT_CONVERSION = YES;
				CLANG_WARN_DIRECT_OBJC_ISA_USAGE = YES_ERROR;
				CLANG_WARN_DOCUMENTATION_COMMENTS = YES;
				CLANG_WARN_EMPTY_BODY = YES;
				CLANG_WARN_ENUM_CONVERSION = YES;
				CLANG_WARN_INFINITE_RECURSION = YES;
				CLANG_WARN_INT_CONVERSION = YES;
				CLANG_WARN_OBJC_ROOT_CLASS = YES_ERROR;
				CLANG_WARN_SUSPICIOUS_MOVE = YES;
				CLANG_WARN_UNREACHABLE_CODE = YES;
				CLANG_WARN__DUPLICATE_METHOD_MATCH = YES;
				"CODE_SIGN_IDENTITY[sdk=iphoneos*]" = "iPhone Developer";
				COPY_PHASE_STRIP = NO;
				DEBUG_INFORMATION_FORMAT = dwarf;
				ENABLE_STRICT_OBJC_MSGSEND = YES;
				ENABLE_TESTABILITY = YES;
				GCC_C_LANGUAGE_STANDARD = gnu99;
				GCC_DYNAMIC_NO_PIC = NO;
				GCC_NO_COMMON_BLOCKS = YES;
				GCC_OPTIMIZATION_LEVEL = 0;
				GCC_PREPROCESSOR_DEFINITIONS = (
					"DEBUG=1",
					"$(inherited)",
				);
				GCC_WARN_64_TO_32_BIT_CONVERSION = YES;
				GCC_WARN_ABOUT_RETURN_TYPE = YES_ERROR;
				GCC_WARN_UNDECLARED_SELECTOR = YES;
				GCC_WARN_UNINITIALIZED_AUTOS = YES_AGGRESSIVE;
				GCC_WARN_UNUSED_FUNCTION = YES;
				GCC_WARN_UNUSED_VARIABLE = YES;
				IPHONEOS_DEPLOYMENT_TARGET = 11.0;
				MTL_ENABLE_DEBUG_INFO = YES;
				ONLY_ACTIVE_ARCH = YES;
				SDKROOT = iphoneos;
				SWIFT_ACTIVE_COMPILATION_CONDITIONS = DEBUG;
				SWIFT_OPTIMIZATION_LEVEL = "-Onone";
				TARGETED_DEVICE_FAMILY = "1,2";
			};
			name = Debug;
		};
		3929C4991E89EC2C00E00B60 /* Release */ = {
			isa = XCBuildConfiguration;
			baseConfigurationReference = F270D24306DF002E8C47C1BF /* SampleCode.xcconfig */;
			buildSettings = {
				ALWAYS_SEARCH_USER_PATHS = NO;
				CLANG_ANALYZER_NONNULL = YES;
				CLANG_ANALYZER_NUMBER_OBJECT_CONVERSION = YES_AGGRESSIVE;
				CLANG_CXX_LANGUAGE_STANDARD = "gnu++0x";
				CLANG_CXX_LIBRARY = "libc++";
				CLANG_ENABLE_MODULES = YES;
				CLANG_ENABLE_OBJC_ARC = YES;
				CLANG_WARN_BOOL_CONVERSION = YES;
				CLANG_WARN_CONSTANT_CONVERSION = YES;
				CLANG_WARN_DIRECT_OBJC_ISA_USAGE = YES_ERROR;
				CLANG_WARN_DOCUMENTATION_COMMENTS = YES;
				CLANG_WARN_EMPTY_BODY = YES;
				CLANG_WARN_ENUM_CONVERSION = YES;
				CLANG_WARN_INFINITE_RECURSION = YES;
				CLANG_WARN_INT_CONVERSION = YES;
				CLANG_WARN_OBJC_ROOT_CLASS = YES_ERROR;
				CLANG_WARN_SUSPICIOUS_MOVE = YES;
				CLANG_WARN_UNREACHABLE_CODE = YES;
				CLANG_WARN__DUPLICATE_METHOD_MATCH = YES;
				"CODE_SIGN_IDENTITY[sdk=iphoneos*]" = "iPhone Developer";
				COPY_PHASE_STRIP = NO;
				DEBUG_INFORMATION_FORMAT = "dwarf-with-dsym";
				ENABLE_NS_ASSERTIONS = NO;
				ENABLE_STRICT_OBJC_MSGSEND = YES;
				GCC_C_LANGUAGE_STANDARD = gnu99;
				GCC_NO_COMMON_BLOCKS = YES;
				GCC_WARN_64_TO_32_BIT_CONVERSION = YES;
				GCC_WARN_ABOUT_RETURN_TYPE = YES_ERROR;
				GCC_WARN_UNDECLARED_SELECTOR = YES;
				GCC_WARN_UNINITIALIZED_AUTOS = YES_AGGRESSIVE;
				GCC_WARN_UNUSED_FUNCTION = YES;
				GCC_WARN_UNUSED_VARIABLE = YES;
				IPHONEOS_DEPLOYMENT_TARGET = 11.0;
				MTL_ENABLE_DEBUG_INFO = NO;
				SDKROOT = iphoneos;
				SWIFT_OPTIMIZATION_LEVEL = "-Owholemodule";
				TARGETED_DEVICE_FAMILY = "1,2";
				VALIDATE_PRODUCT = YES;
			};
			name = Release;
		};
		3929C49B1E89EC2C00E00B60 /* Debug */ = {
			isa = XCBuildConfiguration;
			baseConfigurationReference = F270D24306DF002E8C47C1BF /* SampleCode.xcconfig */;
			buildSettings = {
				ASSETCATALOG_COMPILER_APPICON_NAME = AppIcon;
				CODE_SIGN_IDENTITY = "-";
				"CODE_SIGN_IDENTITY[sdk=iphoneos*]" = "iPhone Developer";
				CODE_SIGN_STYLE = Automatic;
				DEVELOPMENT_TEAM = 3NV32R76SX;
				INFOPLIST_FILE = "$(SRCROOT)/ARKitInteraction/Resources/Info.plist";
				LD_RUNPATH_SEARCH_PATHS = "$(inherited) @executable_path/Frameworks";
				PRODUCT_BUNDLE_IDENTIFIER = "com.example.apple-samplecode.arkit-sample-app${SAMPLE_CODE_DISAMBIGUATOR}";
				PRODUCT_NAME = "$(TARGET_NAME)";
				PROVISIONING_PROFILE_SPECIFIER = "";
				SWIFT_SWIFT3_OBJC_INFERENCE = Default;
				SWIFT_VERSION = 4.0;
			};
			name = Debug;
		};
		3929C49C1E89EC2C00E00B60 /* Release */ = {
			isa = XCBuildConfiguration;
			baseConfigurationReference = F270D24306DF002E8C47C1BF /* SampleCode.xcconfig */;
			buildSettings = {
				ASSETCATALOG_COMPILER_APPICON_NAME = AppIcon;
				CODE_SIGN_IDENTITY = "-";
				"CODE_SIGN_IDENTITY[sdk=iphoneos*]" = "iPhone Developer";
				CODE_SIGN_STYLE = Automatic;
				DEVELOPMENT_TEAM = 3NV32R76SX;
				INFOPLIST_FILE = "$(SRCROOT)/ARKitInteraction/Resources/Info.plist";
				LD_RUNPATH_SEARCH_PATHS = "$(inherited) @executable_path/Frameworks";
				PRODUCT_BUNDLE_IDENTIFIER = "com.example.apple-samplecode.arkit-sample-app${SAMPLE_CODE_DISAMBIGUATOR}";
				PRODUCT_NAME = "$(TARGET_NAME)";
				PROVISIONING_PROFILE_SPECIFIER = "";
				SWIFT_SWIFT3_OBJC_INFERENCE = Default;
				SWIFT_VERSION = 4.0;
			};
			name = Release;
		};
/* End XCBuildConfiguration section */

/* Begin XCConfigurationList section */
		3929C4831E89EC2C00E00B60 /* Build configuration list for PBXProject "ARKitInteraction" */ = {
			isa = XCConfigurationList;
			buildConfigurations = (
				3929C4981E89EC2C00E00B60 /* Debug */,
				3929C4991E89EC2C00E00B60 /* Release */,
			);
			defaultConfigurationIsVisible = 0;
			defaultConfigurationName = Release;
		};
		3929C49A1E89EC2C00E00B60 /* Build configuration list for PBXNativeTarget "ARKitInteraction" */ = {
			isa = XCConfigurationList;
			buildConfigurations = (
				3929C49B1E89EC2C00E00B60 /* Debug */,
				3929C49C1E89EC2C00E00B60 /* Release */,
			);
			defaultConfigurationIsVisible = 0;
			defaultConfigurationName = Release;
		};
/* End XCConfigurationList section */
	};
	rootObject = 3929C4801E89EC2C00E00B60 /* Project object */;
}
